
Microsoft Visual Studio Solution File, Format Version 12.00
# Visual Studio 15
VisualStudioVersion = 15.0.28307.421
MinimumVisualStudioVersion = 10.0.40219.1
Project("{FAE04EC0-301F-11D3-BF4B-00C04F79EFBC}") = "Josephus", "Josephus\Josephus.csproj", "{AF7FD770-7AB7-45CC-AAF2-E61821D90014}"
EndProject
Global
	GlobalSection(SolutionConfigurationPlatforms) = preSolution
		Debug|Any CPU = Debug|Any CPU
		Release|Any CPU = Release|Any CPU
	EndGlobalSection
	GlobalSection(ProjectConfigurationPlatforms) = postSolution
		{AF7FD770-7AB7-45CC-AAF2-E61821D90014}.Debug|Any CPU.ActiveCfg = Debug|Any CPU
		{AF7FD770-7AB7-45CC-AAF2-E61821D90014}.Debug|Any CPU.Build.0 = Debug|Any CPU
		{AF7FD770-7AB7-45CC-AAF2-E61821D90014}.Release|Any CPU.ActiveCfg = Release|Any CPU
		{AF7FD770-7AB7-45CC-AAF2-E61821D90014}.Release|Any CPU.Build.0 = Release|Any CPU
	EndGlobalSection
	GlobalSection(SolutionProperties) = preSolution
		HideSolutionNode = FALSE
	EndGlobalSection
	GlobalSection(ExtensibilityGlobals) = postSolution
		SolutionGuid = {1296ACCE-E049-42CA-8356-3E568DBE0E22}
	EndGlobalSection
EndGlobal
